{
  "object": {
    "pins": [
      {
        "package": "Mustard",
        "repositoryURL": "https://github.com/mattmusc/Mustard",
        "state": {
          "branch": "master",
          "revision": "2e2112bd16e6f531f689027e7812b6c16d3d40c0",
          "version": null
        }
      },
      {
        "package": "Nimble",
        "repositoryURL": "https://github.com/Quick/Nimble.git",
        "state": {
          "branch": null,
          "revision": "cd6dfb86f496fcd96ce0bc6da962cd936bf41903",
          "version": "7.3.1"
        }
      },
      {
        "package": "Quick",
        "repositoryURL": "https://github.com/Quick/Quick.git",
        "state": {
          "branch": null,
          "revision": "5fbf13871d185526993130c3a1fad0b70bfe37ce",
          "version": "1.3.2"
        }
      }
    ]
  },
  "version": 1
}
